
Microsoft Visual Studio Solution File, Format Version 12.00
# Visual Studio Version 17
VisualStudioVersion = 17.1.32328.378
MinimumVisualStudioVersion = 10.0.40219.1
Project("{FAE04EC0-301F-11D3-BF4B-00C04F79EFBC}") = "QulixTestTask", "QulixTestTask\QulixTestTask.csproj", "{61086677-7AC1-42C4-86A6-7E3B9F1F77FE}"
EndProject
Global
	GlobalSection(SolutionConfigurationPlatforms) = preSolution
		Debug|Any CPU = Debug|Any CPU
		Release|Any CPU = Release|Any CPU
	EndGlobalSection
	GlobalSection(ProjectConfigurationPlatforms) = postSolution
		{61086677-7AC1-42C4-86A6-7E3B9F1F77FE}.Debug|Any CPU.ActiveCfg = Debug|Any CPU
		{61086677-7AC1-42C4-86A6-7E3B9F1F77FE}.Debug|Any CPU.Build.0 = Debug|Any CPU
		{61086677-7AC1-42C4-86A6-7E3B9F1F77FE}.Release|Any CPU.ActiveCfg = Release|Any CPU
		{61086677-7AC1-42C4-86A6-7E3B9F1F77FE}.Release|Any CPU.Build.0 = Release|Any CPU
	EndGlobalSection
	GlobalSection(SolutionProperties) = preSolution
		HideSolutionNode = FALSE
	EndGlobalSection
	GlobalSection(ExtensibilityGlobals) = postSolution
		SolutionGuid = {D7E83CED-0192-4FB6-90AF-3CC2E73D4785}
	EndGlobalSection
EndGlobal
